
Microsoft Visual Studio Solution File, Format Version 12.00
Project("{FAE04EC0-301F-11D3-BF4B-00C04F79EFBC}") = "ComponentBundler", "ComponentBundler\ComponentBundler.csproj", "{00209CFF-2BF1-4D39-9C9D-C324098A9CB9}"
EndProject
Project("{FAE04EC0-301F-11D3-BF4B-00C04F79EFBC}") = "ComponentBundler.Preloader", "ComponentBundler.Preloader\ComponentBundler.Preloader.csproj", "{F7E89363-DF39-44A9-BAAC-6ABD3C81991D}"
EndProject
Global
	GlobalSection(SolutionConfigurationPlatforms) = preSolution
		Debug|Any CPU = Debug|Any CPU
		Release|Any CPU = Release|Any CPU
	EndGlobalSection
	GlobalSection(ProjectConfigurationPlatforms) = postSolution
		{00209CFF-2BF1-4D39-9C9D-C324098A9CB9}.Debug|Any CPU.ActiveCfg = Debug|Any CPU
		{00209CFF-2BF1-4D39-9C9D-C324098A9CB9}.Debug|Any CPU.Build.0 = Debug|Any CPU
		{00209CFF-2BF1-4D39-9C9D-C324098A9CB9}.Release|Any CPU.ActiveCfg = Release|Any CPU
		{00209CFF-2BF1-4D39-9C9D-C324098A9CB9}.Release|Any CPU.Build.0 = Release|Any CPU
		{F7E89363-DF39-44A9-BAAC-6ABD3C81991D}.Debug|Any CPU.ActiveCfg = Debug|Any CPU
		{F7E89363-DF39-44A9-BAAC-6ABD3C81991D}.Debug|Any CPU.Build.0 = Debug|Any CPU
		{F7E89363-DF39-44A9-BAAC-6ABD3C81991D}.Release|Any CPU.ActiveCfg = Release|Any CPU
		{F7E89363-DF39-44A9-BAAC-6ABD3C81991D}.Release|Any CPU.Build.0 = Release|Any CPU
	EndGlobalSection
EndGlobal
